
Microsoft Visual Studio Solution File, Format Version 12.00
# Visual Studio Version 16
VisualStudioVersion = 16.0.31313.79
MinimumVisualStudioVersion = 10.0.40219.1
Project("{FAE04EC0-301F-11D3-BF4B-00C04F79EFBC}") = "IT391_Crooks_Unit7", "IT391_Crooks_Unit7.csproj", "{203B7F01-A4D1-44D3-96B6-A203452E8284}"
EndProject
Global
	GlobalSection(SolutionConfigurationPlatforms) = preSolution
		Debug|Any CPU = Debug|Any CPU
		Release|Any CPU = Release|Any CPU
	EndGlobalSection
	GlobalSection(ProjectConfigurationPlatforms) = postSolution
		{203B7F01-A4D1-44D3-96B6-A203452E8284}.Debug|Any CPU.ActiveCfg = Debug|Any CPU
		{203B7F01-A4D1-44D3-96B6-A203452E8284}.Debug|Any CPU.Build.0 = Debug|Any CPU
		{203B7F01-A4D1-44D3-96B6-A203452E8284}.Release|Any CPU.ActiveCfg = Release|Any CPU
		{203B7F01-A4D1-44D3-96B6-A203452E8284}.Release|Any CPU.Build.0 = Release|Any CPU
	EndGlobalSection
	GlobalSection(SolutionProperties) = preSolution
		HideSolutionNode = FALSE
	EndGlobalSection
	GlobalSection(ExtensibilityGlobals) = postSolution
		SolutionGuid = {60633FA5-C13B-40DF-B373-D7D2E7A38CB6}
	EndGlobalSection
EndGlobal
