
Microsoft Visual Studio Solution File, Format Version 12.00
# Visual Studio Version 16
VisualStudioVersion = 16.0.31313.79
MinimumVisualStudioVersion = 10.0.40219.1
Project("{FAE04EC0-301F-11D3-BF4B-00C04F79EFBC}") = "IT213_Unit2_Crooks", "IT213_Unit2_Crooks.csproj", "{67604CE8-D100-413A-8E68-EB20BCC62CBF}"
EndProject
Global
	GlobalSection(SolutionConfigurationPlatforms) = preSolution
		Debug|Any CPU = Debug|Any CPU
		Release|Any CPU = Release|Any CPU
	EndGlobalSection
	GlobalSection(ProjectConfigurationPlatforms) = postSolution
		{67604CE8-D100-413A-8E68-EB20BCC62CBF}.Debug|Any CPU.ActiveCfg = Debug|Any CPU
		{67604CE8-D100-413A-8E68-EB20BCC62CBF}.Debug|Any CPU.Build.0 = Debug|Any CPU
		{67604CE8-D100-413A-8E68-EB20BCC62CBF}.Release|Any CPU.ActiveCfg = Release|Any CPU
		{67604CE8-D100-413A-8E68-EB20BCC62CBF}.Release|Any CPU.Build.0 = Release|Any CPU
	EndGlobalSection
	GlobalSection(SolutionProperties) = preSolution
		HideSolutionNode = FALSE
	EndGlobalSection
	GlobalSection(ExtensibilityGlobals) = postSolution
		SolutionGuid = {ECBA0E8F-45C2-4A8B-860E-EABD2B374782}
	EndGlobalSection
EndGlobal
