
Microsoft Visual Studio Solution File, Format Version 12.00
# Visual Studio Version 17
VisualStudioVersion = 17.5.33627.172
MinimumVisualStudioVersion = 10.0.40219.1
Project("{FAE04EC0-301F-11D3-BF4B-00C04F79EFBC}") = "IT481_Unit4_Crooks", "IT481_Unit4_Crooks.csproj", "{2D9A2241-E0A6-4BAC-982A-2DB4C122D342}"
EndProject
Global
	GlobalSection(SolutionConfigurationPlatforms) = preSolution
		Debug|Any CPU = Debug|Any CPU
		Release|Any CPU = Release|Any CPU
	EndGlobalSection
	GlobalSection(ProjectConfigurationPlatforms) = postSolution
		{2D9A2241-E0A6-4BAC-982A-2DB4C122D342}.Debug|Any CPU.ActiveCfg = Debug|Any CPU
		{2D9A2241-E0A6-4BAC-982A-2DB4C122D342}.Debug|Any CPU.Build.0 = Debug|Any CPU
		{2D9A2241-E0A6-4BAC-982A-2DB4C122D342}.Release|Any CPU.ActiveCfg = Release|Any CPU
		{2D9A2241-E0A6-4BAC-982A-2DB4C122D342}.Release|Any CPU.Build.0 = Release|Any CPU
	EndGlobalSection
	GlobalSection(SolutionProperties) = preSolution
		HideSolutionNode = FALSE
	EndGlobalSection
	GlobalSection(ExtensibilityGlobals) = postSolution
		SolutionGuid = {51D8AFD2-54AF-4C61-BA3D-F40E45695CA5}
	EndGlobalSection
EndGlobal
