
Microsoft Visual Studio Solution File, Format Version 12.00
# Visual Studio Version 16
VisualStudioVersion = 16.0.31313.79
MinimumVisualStudioVersion = 10.0.40219.1
Project("{FAE04EC0-301F-11D3-BF4B-00C04F79EFBC}") = "IT391_Crooks_Unit8", "IT391_Crooks_Unit8.csproj", "{D3AA44AA-A330-4D8F-803E-C5D0C461E7C2}"
EndProject
Global
	GlobalSection(SolutionConfigurationPlatforms) = preSolution
		Debug|Any CPU = Debug|Any CPU
		Release|Any CPU = Release|Any CPU
	EndGlobalSection
	GlobalSection(ProjectConfigurationPlatforms) = postSolution
		{D3AA44AA-A330-4D8F-803E-C5D0C461E7C2}.Debug|Any CPU.ActiveCfg = Debug|Any CPU
		{D3AA44AA-A330-4D8F-803E-C5D0C461E7C2}.Debug|Any CPU.Build.0 = Debug|Any CPU
		{D3AA44AA-A330-4D8F-803E-C5D0C461E7C2}.Release|Any CPU.ActiveCfg = Release|Any CPU
		{D3AA44AA-A330-4D8F-803E-C5D0C461E7C2}.Release|Any CPU.Build.0 = Release|Any CPU
	EndGlobalSection
	GlobalSection(SolutionProperties) = preSolution
		HideSolutionNode = FALSE
	EndGlobalSection
	GlobalSection(ExtensibilityGlobals) = postSolution
		SolutionGuid = {EA256F5B-3D5C-4497-805F-2FE1DB576196}
	EndGlobalSection
EndGlobal
