
Microsoft Visual Studio Solution File, Format Version 12.00
# Visual Studio Version 16
VisualStudioVersion = 16.0.31313.79
MinimumVisualStudioVersion = 10.0.40219.1
Project("{FAE04EC0-301F-11D3-BF4B-00C04F79EFBC}") = "IT391_Crooks_Unit2_PartB", "IT391_Crooks_Unit2_PartB.csproj", "{D59485A3-C4C2-44AF-851B-7F43066826EA}"
EndProject
Global
	GlobalSection(SolutionConfigurationPlatforms) = preSolution
		Debug|Any CPU = Debug|Any CPU
		Release|Any CPU = Release|Any CPU
	EndGlobalSection
	GlobalSection(ProjectConfigurationPlatforms) = postSolution
		{D59485A3-C4C2-44AF-851B-7F43066826EA}.Debug|Any CPU.ActiveCfg = Debug|Any CPU
		{D59485A3-C4C2-44AF-851B-7F43066826EA}.Debug|Any CPU.Build.0 = Debug|Any CPU
		{D59485A3-C4C2-44AF-851B-7F43066826EA}.Release|Any CPU.ActiveCfg = Release|Any CPU
		{D59485A3-C4C2-44AF-851B-7F43066826EA}.Release|Any CPU.Build.0 = Release|Any CPU
	EndGlobalSection
	GlobalSection(SolutionProperties) = preSolution
		HideSolutionNode = FALSE
	EndGlobalSection
	GlobalSection(ExtensibilityGlobals) = postSolution
		SolutionGuid = {CC2E6632-42B2-427F-ADD4-05A1531BDD4C}
	EndGlobalSection
EndGlobal
