
Microsoft Visual Studio Solution File, Format Version 12.00
# Visual Studio Version 17
VisualStudioVersion = 17.5.33627.172
MinimumVisualStudioVersion = 10.0.40219.1
Project("{FAE04EC0-301F-11D3-BF4B-00C04F79EFBC}") = "IT481_Unit6_Crooks", "IT481_Unit6_Crooks.csproj", "{C0417227-1B3C-445C-B949-6B781CF1277C}"
EndProject
Global
	GlobalSection(SolutionConfigurationPlatforms) = preSolution
		Debug|Any CPU = Debug|Any CPU
		Release|Any CPU = Release|Any CPU
	EndGlobalSection
	GlobalSection(ProjectConfigurationPlatforms) = postSolution
		{C0417227-1B3C-445C-B949-6B781CF1277C}.Debug|Any CPU.ActiveCfg = Debug|Any CPU
		{C0417227-1B3C-445C-B949-6B781CF1277C}.Debug|Any CPU.Build.0 = Debug|Any CPU
		{C0417227-1B3C-445C-B949-6B781CF1277C}.Release|Any CPU.ActiveCfg = Release|Any CPU
		{C0417227-1B3C-445C-B949-6B781CF1277C}.Release|Any CPU.Build.0 = Release|Any CPU
	EndGlobalSection
	GlobalSection(SolutionProperties) = preSolution
		HideSolutionNode = FALSE
	EndGlobalSection
	GlobalSection(ExtensibilityGlobals) = postSolution
		SolutionGuid = {0A09753E-CFED-4249-A7E2-56B5F203A65D}
	EndGlobalSection
EndGlobal
